
Microsoft Visual Studio Solution File, Format Version 12.00
# Visual Studio 15
VisualStudioVersion = 15.0.28307.1800
MinimumVisualStudioVersion = 10.0.40219.1
Project("{FAE04EC0-301F-11D3-BF4B-00C04F79EFBC}") = "bbd302-test", "bbd302-test.csproj", "{D73E3123-07DB-465F-96B7-CF38596501D9}"
EndProject
Global
	GlobalSection(SolutionConfigurationPlatforms) = preSolution
		Debug|Any CPU = Debug|Any CPU
		Release|Any CPU = Release|Any CPU
	EndGlobalSection
	GlobalSection(ProjectConfigurationPlatforms) = postSolution
		{D73E3123-07DB-465F-96B7-CF38596501D9}.Debug|Any CPU.ActiveCfg = Debug|Any CPU
		{D73E3123-07DB-465F-96B7-CF38596501D9}.Debug|Any CPU.Build.0 = Debug|Any CPU
		{D73E3123-07DB-465F-96B7-CF38596501D9}.Release|Any CPU.ActiveCfg = Release|Any CPU
		{D73E3123-07DB-465F-96B7-CF38596501D9}.Release|Any CPU.Build.0 = Release|Any CPU
	EndGlobalSection
	GlobalSection(SolutionProperties) = preSolution
		HideSolutionNode = FALSE
	EndGlobalSection
	GlobalSection(ExtensibilityGlobals) = postSolution
		SolutionGuid = {D3CDEB5E-17D4-424C-BFE0-0382BF41B758}
	EndGlobalSection
EndGlobal
